description: 'Genera un plugin de bloque'
help: 'El comando <info>generate:plugin:block</info> le ayuda a generar un nuevo plugin de bloque.'
welcome: 'Bienvenido al generador de plugins de bloque para Drupal'
options:
    module: common.options.module
    class: 'Nombre de la clase del plugin'
    label: 'Etiqueta del plugin'
    plugin-id: 'ID del plugin'
    inputs: common.options.inputs
    services: common.options.services
    theme-region: 'Región del tema para renderizar el plugin de bloque'
questions:
    module: common.questions.module
    class: 'Introduzca un nombre de clase para el plugin'
    label: 'Introduzca la etiqueta del plugin'
    plugin-id: 'Introduzca el id del plugin'
    inputs: common.questions.inputs
    services: common.questions.services
messages:
    inputs: "\nPuede añadir campos de tipo input para crear configuraciones particulares en cada bloque.\nEsto es opcional, pulse <info>enter</info> para <info>continuar</info>"
    invalid-theme-region: 'Región %s no es válida'
