description: 'Generar un connector de bloc'
help: 'El comandament <info>generate:plugin:block</info> t''ajuda a generar un nou connector de bloc'
welcome: 'Us donem la benvinguda al generador de connectors de bloc de Drupal'
options:
    module: common.options.module
    class: 'Nom de la classe del connector'
    label: 'Etiqueta del connector'
    plugin-id: 'Identificador del connector'
    inputs: common.options.inputs
    services: common.options.services
    theme-region: 'Regió del tema per renderitzar el connector de bloc'
questions:
    module: common.questions.module
    class: 'Nom de la classe del connector'
    label: 'Etiqueta del connector'
    plugin-id: 'Identificador del connector'
    inputs: common.questions.inputs
    services: common.questions.services
messages:
    inputs: "\nEs poden afegir camps d''entrada per crear configuracions especials al connector.\nAixò es opcional, tecleja <info>enter</info> per <info>continuar</info>"
    invalid-theme-region: 'La regió %s no és vàlida'
kdescription: 'Generar un connector de bloc'
