description: 'Plugin block létrehozása'
help: 'A <info>generate:plugin:block</info> parancs új Plugin block létrehozásában segít.'
welcome: 'Üdvözlet a  Drupal Plugin Block létrehozásában'
options:
    module: common.options.module
    class: 'Plugin Class neve'
    label: 'Plugin címke'
    plugin-id: 'Plugin ID'
    inputs: common.options.inputs
    services: common.options.services
    theme-region: 'Theme region to render Plugin Block'
questions:
    module: common.questions.module
    class: 'Plugin class nevének megadása'
    label: 'Plugin címke megadása'
    plugin-id: 'Plugin ID megadása'
    inputs: common.questions.inputs
    services: common.questions.services
messages:
    inputs: "\nTetszőleges beviteli mező hozzáadható, melyek a blokk beállításakor jelenik meg.\nEz opcionális, <info>enter</info> a <info>folytatáshoz</info>"
    invalid-theme-region: 'Region %s is invalid'
