description: 'प्लगिन खंड उत्पन्न करें'
help: '<info>generate:plugin:block</info> कमाण्ड नया प्लगिन खंड उत्पन्न करने में मदद करता है।'
welcome: 'Drupal प्लगिन खंड उत्पादक में आपका स्वागत है'
options:
    module: common.options.module
    class: 'प्लगिन का क्लास नाम'
    label: 'प्लगिन का उप-शीर्षक'
    plugin-id: 'प्लगिन id'
    inputs: common.options.inputs
    services: common.options.services
    theme-region: 'Theme रीजन से प्लगइन ब्लॉक रेंडर करने के लिए'
questions:
    module: common.questions.module
    class: 'प्लगिन का क्लास नाम दर्ज करें'
    label: 'प्लगिन का उप-शीर्षक दर्ज करें'
    plugin-id: 'प्लगिन id दर्ज करें'
    inputs: common.questions.inputs
    services: common.questions.services
messages:
    inputs: "\nब्लॉक की विशेष व्यवस्था बनाने के लिए आप निवेश खाने डाल सकते हैं।\nइच्छानुसार <info>जारी</info> रखने के लिए <info>enter</info> कुंजी दबाएँ"
    invalid-theme-region: '%s रीजन अमान्य है'
