description: 'Criar plugin de bloco.'
help: 'O comando <info>generate:plugin:block</info> ajuda você a criar um novo plugin de bloco.'
welcome: 'Bem-vindo ao Criador de plugin de bloco do Drupal.'
options:
    module: common.options.module
    class: 'Nome da classe do plugin'
    label: 'Label do plugin'
    plugin-id: 'Id do plugin'
    inputs: common.options.inputs
    services: common.options.services
    theme-region: 'Theme region to render Plugin Block'
questions:
    module: common.questions.module
    class: 'Digite o nome da classe do plugin'
    label: 'Digite a label do plugin'
    plugin-id: 'Digite o id do plugin'
    inputs: common.questions.inputs
    services: common.questions.services
messages:
    inputs: "\nVocê pode adicionar alguns campos para criar configurações especiais em cada bloco\nIsso é opcional, pressione <info>enter</info> para <info>continuar</info>"
    invalid-theme-region: 'Região %s é inválida'
